// !$*UTF8*$!
{
	archiveVersion = 1;
	classes = {
	};
	objectVersion = 46;
	objects = {

/* Begin PBXBuildFile section */
		4C349FFC1F711143008307E7 /* MapKit.framework in Frameworks */ = {isa = PBXBuildFile; fileRef = 4C349FFB1F711143008307E7 /* MapKit.framework */; };
		4C349FFE1F71A8B5008307E7 /* MapViewController.swift in Sources */ = {isa = PBXBuildFile; fileRef = 4C349FFD1F71A8B5008307E7 /* MapViewController.swift */; };
		4C34A0001F71A8FC008307E7 /* ListViewController.swift in Sources */ = {isa = PBXBuildFile; fileRef = 4C349FFF1F71A8FC008307E7 /* ListViewController.swift */; };
		4C4B61831F5A77070078990C /* AppDelegate.swift in Sources */ = {isa = PBXBuildFile; fileRef = 4C4B61821F5A77070078990C /* AppDelegate.swift */; };
		4C4B61851F5A77070078990C /* LoginViewController.swift in Sources */ = {isa = PBXBuildFile; fileRef = 4C4B61841F5A77070078990C /* LoginViewController.swift */; };
		4C4B61881F5A77070078990C /* Main.storyboard in Resources */ = {isa = PBXBuildFile; fileRef = 4C4B61861F5A77070078990C /* Main.storyboard */; };
		4C4B618A1F5A77070078990C /* Assets.xcassets in Resources */ = {isa = PBXBuildFile; fileRef = 4C4B61891F5A77070078990C /* Assets.xcassets */; };
		4C4B618D1F5A77070078990C /* LaunchScreen.storyboard in Resources */ = {isa = PBXBuildFile; fileRef = 4C4B618B1F5A77070078990C /* LaunchScreen.storyboard */; };
		4C9102AF1F70EB4300CC9411 /* AppModel.swift in Sources */ = {isa = PBXBuildFile; fileRef = 4C9102AE1F70EB4300CC9411 /* AppModel.swift */; };
		4C9102B11F7104F000CC9411 /* StudentLocation.swift in Sources */ = {isa = PBXBuildFile; fileRef = 4C9102B01F7104F000CC9411 /* StudentLocation.swift */; };
/* End PBXBuildFile section */

/* Begin PBXFileReference section */
		4C349FFB1F711143008307E7 /* MapKit.framework */ = {isa = PBXFileReference; lastKnownFileType = wrapper.framework; name = MapKit.framework; path = System/Library/Frameworks/MapKit.framework; sourceTree = SDKROOT; };
		4C349FFD1F71A8B5008307E7 /* MapViewController.swift */ = {isa = PBXFileReference; fileEncoding = 4; lastKnownFileType = sourcecode.swift; path = MapViewController.swift; sourceTree = "<group>"; };
		4C349FFF1F71A8FC008307E7 /* ListViewController.swift */ = {isa = PBXFileReference; fileEncoding = 4; lastKnownFileType = sourcecode.swift; path = ListViewController.swift; sourceTree = "<group>"; };
		4C4B617F1F5A77070078990C /* OnTheMap.app */ = {isa = PBXFileReference; explicitFileType = wrapper.application; includeInIndex = 0; path = OnTheMap.app; sourceTree = BUILT_PRODUCTS_DIR; };
		4C4B61821F5A77070078990C /* AppDelegate.swift */ = {isa = PBXFileReference; lastKnownFileType = sourcecode.swift; path = AppDelegate.swift; sourceTree = "<group>"; };
		4C4B61841F5A77070078990C /* LoginViewController.swift */ = {isa = PBXFileReference; lastKnownFileType = sourcecode.swift; path = LoginViewController.swift; sourceTree = "<group>"; };
		4C4B61871F5A77070078990C /* Base */ = {isa = PBXFileReference; lastKnownFileType = file.storyboard; name = Base; path = Base.lproj/Main.storyboard; sourceTree = "<group>"; };
		4C4B61891F5A77070078990C /* Assets.xcassets */ = {isa = PBXFileReference; lastKnownFileType = folder.assetcatalog; path = Assets.xcassets; sourceTree = "<group>"; };
		4C4B618C1F5A77070078990C /* Base */ = {isa = PBXFileReference; lastKnownFileType = file.storyboard; name = Base; path = Base.lproj/LaunchScreen.storyboard; sourceTree = "<group>"; };
		4C4B618E1F5A77070078990C /* Info.plist */ = {isa = PBXFileReference; lastKnownFileType = text.plist.xml; path = Info.plist; sourceTree = "<group>"; };
		4C9102AE1F70EB4300CC9411 /* AppModel.swift */ = {isa = PBXFileReference; fileEncoding = 4; lastKnownFileType = sourcecode.swift; path = AppModel.swift; sourceTree = "<group>"; };
		4C9102B01F7104F000CC9411 /* StudentLocation.swift */ = {isa = PBXFileReference; fileEncoding = 4; lastKnownFileType = sourcecode.swift; path = StudentLocation.swift; sourceTree = "<group>"; };
/* End PBXFileReference section */

/* Begin PBXFrameworksBuildPhase section */
		4C4B617C1F5A77070078990C /* Frameworks */ = {
			isa = PBXFrameworksBuildPhase;
			buildActionMask = 2147483647;
			files = (
				4C349FFC1F711143008307E7 /* MapKit.framework in Frameworks */,
			);
			runOnlyForDeploymentPostprocessing = 0;
		};
/* End PBXFrameworksBuildPhase section */

/* Begin PBXGroup section */
		4C349FFA1F711142008307E7 /* Frameworks */ = {
			isa = PBXGroup;
			children = (
				4C349FFB1F711143008307E7 /* MapKit.framework */,
			);
			name = Frameworks;
			sourceTree = "<group>";
		};
		4C4B61761F5A77070078990C = {
			isa = PBXGroup;
			children = (
				4C4B61811F5A77070078990C /* OnTheMap */,
				4C4B61801F5A77070078990C /* Products */,
				4C349FFA1F711142008307E7 /* Frameworks */,
			);
			sourceTree = "<group>";
		};
		4C4B61801F5A77070078990C /* Products */ = {
			isa = PBXGroup;
			children = (
				4C4B617F1F5A77070078990C /* OnTheMap.app */,
			);
			name = Products;
			sourceTree = "<group>";
		};
		4C4B61811F5A77070078990C /* OnTheMap */ = {
			isa = PBXGroup;
			children = (
				4C4B61821F5A77070078990C /* AppDelegate.swift */,
				4C4B61841F5A77070078990C /* LoginViewController.swift */,
				4C9102AE1F70EB4300CC9411 /* AppModel.swift */,
				4C9102B01F7104F000CC9411 /* StudentLocation.swift */,
				4C4B61861F5A77070078990C /* Main.storyboard */,
				4C349FFD1F71A8B5008307E7 /* MapViewController.swift */,
				4C349FFF1F71A8FC008307E7 /* ListViewController.swift */,
				4C4B61891F5A77070078990C /* Assets.xcassets */,
				4C4B618B1F5A77070078990C /* LaunchScreen.storyboard */,
				4C4B618E1F5A77070078990C /* Info.plist */,
			);
			path = OnTheMap;
			sourceTree = "<group>";
		};
/* End PBXGroup section */

/* Begin PBXNativeTarget section */
		4C4B617E1F5A77070078990C /* OnTheMap */ = {
			isa = PBXNativeTarget;
			buildConfigurationList = 4C4B61911F5A77070078990C /* Build configuration list for PBXNativeTarget "OnTheMap" */;
			buildPhases = (
				4C4B617B1F5A77070078990C /* Sources */,
				4C4B617C1F5A77070078990C /* Frameworks */,
				4C4B617D1F5A77070078990C /* Resources */,
			);
			buildRules = (
			);
			dependencies = (
			);
			name = OnTheMap;
			productName = OnTheMap;
			productReference = 4C4B617F1F5A77070078990C /* OnTheMap.app */;
			productType = "com.apple.product-type.application";
		};
/* End PBXNativeTarget section */

/* Begin PBXProject section */
		4C4B61771F5A77070078990C /* Project object */ = {
			isa = PBXProject;
			attributes = {
				LastSwiftUpdateCheck = 0830;
				LastUpgradeCheck = 0830;
				ORGANIZATIONNAME = "Maria ";
				TargetAttributes = {
					4C4B617E1F5A77070078990C = {
						CreatedOnToolsVersion = 8.3.3;
						DevelopmentTeam = 4RWH9DK4PX;
						ProvisioningStyle = Automatic;
					};
				};
			};
			buildConfigurationList = 4C4B617A1F5A77070078990C /* Build configuration list for PBXProject "OnTheMap" */;
			compatibilityVersion = "Xcode 3.2";
			developmentRegion = English;
			hasScannedForEncodings = 0;
			knownRegions = (
				en,
				Base,
			);
			mainGroup = 4C4B61761F5A77070078990C;
			productRefGroup = 4C4B61801F5A77070078990C /* Products */;
			projectDirPath = "";
			projectRoot = "";
			targets = (
				4C4B617E1F5A77070078990C /* OnTheMap */,
			);
		};
/* End PBXProject section */

/* Begin PBXResourcesBuildPhase section */
		4C4B617D1F5A77070078990C /* Resources */ = {
			isa = PBXResourcesBuildPhase;
			buildActionMask = 2147483647;
			files = (
				4C4B618D1F5A77070078990C /* LaunchScreen.storyboard in Resources */,
				4C4B618A1F5A77070078990C /* Assets.xcassets in Resources */,
				4C4B61881F5A77070078990C /* Main.storyboard in Resources */,
			);
			runOnlyForDeploymentPostprocessing = 0;
		};
/* End PBXResourcesBuildPhase section */

/* Begin PBXSourcesBuildPhase section */
		4C4B617B1F5A77070078990C /* Sources */ = {
			isa = PBXSourcesBuildPhase;
			buildActionMask = 2147483647;
			files = (
				4C9102B11F7104F000CC9411 /* StudentLocation.swift in Sources */,
				4C4B61851F5A77070078990C /* LoginViewController.swift in Sources */,
				4C34A0001F71A8FC008307E7 /* ListViewController.swift in Sources */,
				4C4B61831F5A77070078990C /* AppDelegate.swift in Sources */,
				4C349FFE1F71A8B5008307E7 /* MapViewController.swift in Sources */,
				4C9102AF1F70EB4300CC9411 /* AppModel.swift in Sources */,
			);
			runOnlyForDeploymentPostprocessing = 0;
		};
/* End PBXSourcesBuildPhase section */

/* Begin PBXVariantGroup section */
		4C4B61861F5A77070078990C /* Main.storyboard */ = {
			isa = PBXVariantGroup;
			children = (
				4C4B61871F5A77070078990C /* Base */,
			);
			name = Main.storyboard;
			sourceTree = "<group>";
		};
		4C4B618B1F5A77070078990C /* LaunchScreen.storyboard */ = {
			isa = PBXVariantGroup;
			children = (
				4C4B618C1F5A77070078990C /* Base */,
			);
			name = LaunchScreen.storyboard;
			sourceTree = "<group>";
		};
/* End PBXVariantGroup section */

/* Begin XCBuildConfiguration section */
		4C4B618F1F5A77070078990C /* Debug */ = {
			isa = XCBuildConfiguration;
			buildSettings = {
				ALWAYS_SEARCH_USER_PATHS = NO;
				CLANG_ANALYZER_NONNULL = YES;
				CLANG_ANALYZER_NUMBER_OBJECT_CONVERSION = YES_AGGRESSIVE;
				CLANG_CXX_LANGUAGE_STANDARD = "gnu++0x";
				CLANG_CXX_LIBRARY = "libc++";
				CLANG_ENABLE_MODULES = YES;
				CLANG_ENABLE_OBJC_ARC = YES;
				CLANG_WARN_BOOL_CONVERSION = YES;
				CLANG_WARN_CONSTANT_CONVERSION = YES;
				CLANG_WARN_DIRECT_OBJC_ISA_USAGE = YES_ERROR;
				CLANG_WARN_DOCUMENTATION_COMMENTS = YES;
				CLANG_WARN_EMPTY_BODY = YES;
				CLANG_WARN_ENUM_CONVERSION = YES;
				CLANG_WARN_INFINITE_RECURSION = YES;
				CLANG_WARN_INT_CONVERSION = YES;
				CLANG_WARN_OBJC_ROOT_CLASS = YES_ERROR;
				CLANG_WARN_SUSPICIOUS_MOVE = YES;
				CLANG_WARN_UNREACHABLE_CODE = YES;
				CLANG_WARN__DUPLICATE_METHOD_MATCH = YES;
				"CODE_SIGN_IDENTITY[sdk=iphoneos*]" = "iPhone Developer";
				COPY_PHASE_STRIP = NO;
				DEBUG_INFORMATION_FORMAT = dwarf;
				ENABLE_STRICT_OBJC_MSGSEND = YES;
				ENABLE_TESTABILITY = YES;
				GCC_C_LANGUAGE_STANDARD = gnu99;
				GCC_DYNAMIC_NO_PIC = NO;
				GCC_NO_COMMON_BLOCKS = YES;
				GCC_OPTIMIZATION_LEVEL = 0;
				GCC_PREPROCESSOR_DEFINITIONS = (
					"DEBUG=1",
					"$(inherited)",
				);
				GCC_WARN_64_TO_32_BIT_CONVERSION = YES;
				GCC_WARN_ABOUT_RETURN_TYPE = YES_ERROR;
				GCC_WARN_UNDECLARED_SELECTOR = YES;
				GCC_WARN_UNINITIALIZED_AUTOS = YES_AGGRESSIVE;
				GCC_WARN_UNUSED_FUNCTION = YES;
				GCC_WARN_UNUSED_VARIABLE = YES;
				IPHONEOS_DEPLOYMENT_TARGET = 10.3;
				MTL_ENABLE_DEBUG_INFO = YES;
				ONLY_ACTIVE_ARCH = YES;
				SDKROOT = iphoneos;
				SWIFT_ACTIVE_COMPILATION_CONDITIONS = DEBUG;
				SWIFT_OPTIMIZATION_LEVEL = "-Onone";
			};
			name = Debug;
		};
		4C4B61901F5A77070078990C /* Release */ = {
			isa = XCBuildConfiguration;
			buildSettings = {
				ALWAYS_SEARCH_USER_PATHS = NO;
				CLANG_ANALYZER_NONNULL = YES;
				CLANG_ANALYZER_NUMBER_OBJECT_CONVERSION = YES_AGGRESSIVE;
				CLANG_CXX_LANGUAGE_STANDARD = "gnu++0x";
				CLANG_CXX_LIBRARY = "libc++";
				CLANG_ENABLE_MODULES = YES;
				CLANG_ENABLE_OBJC_ARC = YES;
				CLANG_WARN_BOOL_CONVERSION = YES;
				CLANG_WARN_CONSTANT_CONVERSION = YES;
				CLANG_WARN_DIRECT_OBJC_ISA_USAGE = YES_ERROR;
				CLANG_WARN_DOCUMENTATION_COMMENTS = YES;
				CLANG_WARN_EMPTY_BODY = YES;
				CLANG_WARN_ENUM_CONVERSION = YES;
				CLANG_WARN_INFINITE_RECURSION = YES;
				CLANG_WARN_INT_CONVERSION = YES;
				CLANG_WARN_OBJC_ROOT_CLASS = YES_ERROR;
				CLANG_WARN_SUSPICIOUS_MOVE = YES;
				CLANG_WARN_UNREACHABLE_CODE = YES;
				CLANG_WARN__DUPLICATE_METHOD_MATCH = YES;
				"CODE_SIGN_IDENTITY[sdk=iphoneos*]" = "iPhone Developer";
				COPY_PHASE_STRIP = NO;
				DEBUG_INFORMATION_FORMAT = "dwarf-with-dsym";
				ENABLE_NS_ASSERTIONS = NO;
				ENABLE_STRICT_OBJC_MSGSEND = YES;
				GCC_C_LANGUAGE_STANDARD = gnu99;
				GCC_NO_COMMON_BLOCKS = YES;
				GCC_WARN_64_TO_32_BIT_CONVERSION = YES;
				GCC_WARN_ABOUT_RETURN_TYPE = YES_ERROR;
				GCC_WARN_UNDECLARED_SELECTOR = YES;
				GCC_WARN_UNINITIALIZED_AUTOS = YES_AGGRESSIVE;
				GCC_WARN_UNUSED_FUNCTION = YES;
				GCC_WARN_UNUSED_VARIABLE = YES;
				IPHONEOS_DEPLOYMENT_TARGET = 10.3;
				MTL_ENABLE_DEBUG_INFO = NO;
				SDKROOT = iphoneos;
				SWIFT_OPTIMIZATION_LEVEL = "-Owholemodule";
				VALIDATE_PRODUCT = YES;
			};
			name = Release;
		};
		4C4B61921F5A77070078990C /* Debug */ = {
			isa = XCBuildConfiguration;
			buildSettings = {
				ASSETCATALOG_COMPILER_APPICON_NAME = AppIcon;
				DEVELOPMENT_TEAM = 4RWH9DK4PX;
				INFOPLIST_FILE = OnTheMap/Info.plist;
				LD_RUNPATH_SEARCH_PATHS = "$(inherited) @executable_path/Frameworks";
				PRODUCT_BUNDLE_IDENTIFIER = com.maria.OnTheMap;
				PRODUCT_NAME = "$(TARGET_NAME)";
				SWIFT_VERSION = 3.0;
			};
			name = Debug;
		};
		4C4B61931F5A77070078990C /* Release */ = {
			isa = XCBuildConfiguration;
			buildSettings = {
				ASSETCATALOG_COMPILER_APPICON_NAME = AppIcon;
				DEVELOPMENT_TEAM = 4RWH9DK4PX;
				INFOPLIST_FILE = OnTheMap/Info.plist;
				LD_RUNPATH_SEARCH_PATHS = "$(inherited) @executable_path/Frameworks";
				PRODUCT_BUNDLE_IDENTIFIER = com.maria.OnTheMap;
				PRODUCT_NAME = "$(TARGET_NAME)";
				SWIFT_VERSION = 3.0;
			};
			name = Release;
		};
/* End XCBuildConfiguration section */

/* Begin XCConfigurationList section */
		4C4B617A1F5A77070078990C /* Build configuration list for PBXProject "OnTheMap" */ = {
			isa = XCConfigurationList;
			buildConfigurations = (
				4C4B618F1F5A77070078990C /* Debug */,
				4C4B61901F5A77070078990C /* Release */,
			);
			defaultConfigurationIsVisible = 0;
			defaultConfigurationName = Release;
		};
		4C4B61911F5A77070078990C /* Build configuration list for PBXNativeTarget "OnTheMap" */ = {
			isa = XCConfigurationList;
			buildConfigurations = (
				4C4B61921F5A77070078990C /* Debug */,
				4C4B61931F5A77070078990C /* Release */,
			);
			defaultConfigurationIsVisible = 0;
			defaultConfigurationName = Release;
		};
/* End XCConfigurationList section */
	};
	rootObject = 4C4B61771F5A77070078990C /* Project object */;
}
